
Microsoft Visual Studio Solution File, Format Version 12.00
# Visual Studio Version 17
VisualStudioVersion = 17.10.35013.160
MinimumVisualStudioVersion = 10.0.40219.1
Project("{FAE04EC0-301F-11D3-BF4B-00C04F79EFBC}") = "assignment 18", "assignment 18\assignment 18.csproj", "{BC0202E3-1CA9-4CFA-ABAD-418033983599}"
EndProject
Global
	GlobalSection(SolutionConfigurationPlatforms) = preSolution
		Debug|Any CPU = Debug|Any CPU
		Release|Any CPU = Release|Any CPU
	EndGlobalSection
	GlobalSection(ProjectConfigurationPlatforms) = postSolution
		{BC0202E3-1CA9-4CFA-ABAD-418033983599}.Debug|Any CPU.ActiveCfg = Debug|Any CPU
		{BC0202E3-1CA9-4CFA-ABAD-418033983599}.Debug|Any CPU.Build.0 = Debug|Any CPU
		{BC0202E3-1CA9-4CFA-ABAD-418033983599}.Release|Any CPU.ActiveCfg = Release|Any CPU
		{BC0202E3-1CA9-4CFA-ABAD-418033983599}.Release|Any CPU.Build.0 = Release|Any CPU
	EndGlobalSection
	GlobalSection(SolutionProperties) = preSolution
		HideSolutionNode = FALSE
	EndGlobalSection
	GlobalSection(ExtensibilityGlobals) = postSolution
		SolutionGuid = {15BD07A5-CC75-4707-88F2-AFED9782B134}
	EndGlobalSection
EndGlobal
